{"1.2.0",
[{<<"foil">>,{pkg,<<"foil">>,<<"0.1.0">>},0},
 {<<"granderl">>,{pkg,<<"granderl">>,<<"0.1.5">>},0},
 {<<"metal">>,{pkg,<<"metal">>,<<"0.1.1">>},0},
 {<<"parse_trans">>,{pkg,<<"parse_trans">>,<<"3.0.0">>},0},
 {<<"shackle">>,{pkg,<<"shackle">>,<<"0.6.15">>},0}]}.
[
{pkg_hash,[
 {<<"foil">>, <<"16406493144743F633505E51406F7BE6BF17A3772DFD62BCDE3107C654704BEE">>},
 {<<"granderl">>, <<"F20077A68BD80B8D8783BD15A052813C6483771DEC1A5B837D307CBE92F14122">>},
 {<<"metal">>, <<"5D3D1322DA7BCD34B94FED5486F577973685298883954F7A3E517EF5EF6953F5">>},
 {<<"parse_trans">>, <<"9E96B1C9C3A0DF54E7B76F8F685D38BFA1EB21B31E042B1D1A5A70258E4DB1E3">>},
 {<<"shackle">>, <<"D6EBC661F23F6C351F998B64D6440BFB0E41D85C36C092BAE0D9A5DE6A129C06">>}]},
{pkg_hash_ext,[
 {<<"foil">>, <<"BA8A1773D1AF12BD24E06657C87547AA81872950F7C503F39E0F31E39BB2BC39">>},
 {<<"granderl">>, <<"0641473F29BC3211C832A6DD3ADAA04544A5DFFC1C62372556946F236DF2DAD6">>},
 {<<"metal">>, <<"88B82B634998A1A768DEDCD372C2F7E657B19445325C0AF5CCBAC62C77210F1D">>},
 {<<"parse_trans">>, <<"5495A3309051DF7F510BC1FDABDA92DFF5417186A8F66D4419AAD6BA0AF5F0CB">>},
 {<<"shackle">>, <<"F4F97E6F869FCCFB820C4A528C72D69ED6CD705CC93B88A4A18D0BC464955878">>}]}
].
